PODS:
  - Flutter (1.0.0)
  - hina_flutter_plugin (0.0.1):
    - Flutter
    - HinaCloudSDK (>= 4.0.6)
  - HinaCloudSDK (4.0.6)

DEPENDENCIES:
  - Flutter (from `Flutter`)
  - hina_flutter_plugin (from `.symlinks/plugins/hina_flutter_plugin/ios`)

SPEC REPOS:
  https://github.com/CocoaPods/Specs.git:
    - HinaCloudSDK

EXTERNAL SOURCES:
  Flutter:
    :path: Flutter
  hina_flutter_plugin:
    :path: ".symlinks/plugins/hina_flutter_plugin/ios"

SPEC CHECKSUMS:
  Flutter: e0871f40cf51350855a761d2e70bf5af5b9b5de7
  hina_flutter_plugin: 2af40eeeb5a252b8fd0ff16ab5dca7fec446b88e
  HinaCloudSDK: b6755d0eaa96867c8006a19605d83b9584be656d

PODFILE CHECKSUM: 598c7a1cecad68276665646036ef39199d28297f

COCOAPODS: 1.12.1
